
Microsoft Visual Studio Solution File, Format Version 12.00
# Visual Studio 15
VisualStudioVersion = 15.0.28010.2046
MinimumVisualStudioVersion = 10.0.40219.1
Project("{9A19103F-16F7-4668-BE54-9A1E7A4F7556}") = "Rodonaves.EDI.BLL", "Rodonaves.EDI.BLL\Rodonaves.EDI.BLL.csproj", "{7DAF3A79-C5BD-4110-A4D1-3BE56678B478}"
EndProject
Project("{9A19103F-16F7-4668-BE54-9A1E7A4F7556}") = "Rodonaves.EDI.DAL.PostgreSQL", "Rodonaves.EDI.DAL.PostgreSQL\Rodonaves.EDI.DAL.PostgreSQL.csproj", "{282EFF10-BD12-428D-AEA9-F8142ECF2DA3}"
EndProject
Project("{9A19103F-16F7-4668-BE54-9A1E7A4F7556}") = "Rodonaves.EDI.Model", "Rodonaves.EDI.Model\Rodonaves.EDI.Model.csproj", "{98669438-5321-4D6A-8D44-188488883DF8}"
EndProject
Project("{9A19103F-16F7-4668-BE54-9A1E7A4F7556}") = "Rodonaves.EDI.DTO", "Rodonaves.EDI.DTO\Rodonaves.EDI.DTO.csproj", "{03D8AEB4-D572-4772-84C8-E3FE88D7AC75}"
EndProject
Project("{9A19103F-16F7-4668-BE54-9A1E7A4F7556}") = "Rodonaves.EDI.WebAPI", "Rodonaves.EDI.WebAPI\Rodonaves.EDI.WebAPI.csproj", "{B2EEC4D6-B951-4FCD-B299-32798A39F0B5}"
EndProject
Project("{9A19103F-16F7-4668-BE54-9A1E7A4F7556}") = "Rodonaves.EDI.DAL.Interfaces", "Rodonaves.EDI.DAL.Interfaces\Rodonaves.EDI.DAL.Interfaces.csproj", "{AE0667EF-41BB-44E2-9409-516ED7E552E7}"
EndProject
Project("{9A19103F-16F7-4668-BE54-9A1E7A4F7556}") = "Rodonaves.EDI.BLL.Interfaces", "Rodonaves.EDI.BLL.Interfaces\Rodonaves.EDI.BLL.Interfaces.csproj", "{8F74CCD5-EBF1-440F-A83F-F1119CE2D594}"
EndProject
Project("{9A19103F-16F7-4668-BE54-9A1E7A4F7556}") = "Rodonaves.EDI.Enums", "Rodonaves.EDI.Enums\Rodonaves.EDI.Enums.csproj", "{27368052-857E-46B8-B648-5764BD540C8D}"
EndProject
Project("{9A19103F-16F7-4668-BE54-9A1E7A4F7556}") = "Rodonaves.EDI.Helpers", "Rodonaves.EDI.Helpers\Rodonaves.EDI.Helpers.csproj", "{07C648B7-413A-42BE-B60B-4282385B9246}"
EndProject
Project("{2150E333-8FDC-42A3-9474-1A3956D46DE8}") = "CrossCutting", "CrossCutting", "{BF1F56E6-9AC8-40AD-81C8-1E35FF9ED762}"
EndProject
Project("{9A19103F-16F7-4668-BE54-9A1E7A4F7556}") = "Rodonaves.EDI.IoC", "Rodonaves.EDI.IoC\Rodonaves.EDI.IoC.csproj", "{D0C7BB36-DBBC-4CE3-9E8D-176093C6523E}"
EndProject
Project("{2150E333-8FDC-42A3-9474-1A3956D46DE8}") = "Module", "Module", "{89B55B9A-A3B9-43A5-AF47-B4ECE5ECDD8C}"
EndProject
Project("{2150E333-8FDC-42A3-9474-1A3956D46DE8}") = "Services", "Services", "{12DB036D-9DFA-43C8-98D4-384EC0BABC55}"
EndProject
Project("{FAE04EC0-301F-11D3-BF4B-00C04F79EFBC}") = "Rodonaves.EDI.Service.Export", "Rodonaves.EDI.Service.Export\Rodonaves.EDI.Service.Export.csproj", "{52F33EF4-3B71-446C-97C5-B6BB248DA9E9}"
EndProject
Project("{9A19103F-16F7-4668-BE54-9A1E7A4F7556}") = "Rodonaves.EDI.Infra", "Rodonaves.EDI.Infra\Rodonaves.EDI.Infra.csproj", "{86817458-C14D-4416-9538-446B8D204878}"
EndProject
Project("{FAE04EC0-301F-11D3-BF4B-00C04F79EFBC}") = "Rodonaves.EDI.DAL.Oracle", "Rodonaves.EDI.DAL.Oracle\Rodonaves.EDI.DAL.Oracle.csproj", "{2654B09C-E924-4FA2-B7C7-25EA2096670D}"
EndProject
Global
	GlobalSection(SolutionConfigurationPlatforms) = preSolution
		Debug|Any CPU = Debug|Any CPU
		Release|Any CPU = Release|Any CPU
	EndGlobalSection
	GlobalSection(ProjectConfigurationPlatforms) = postSolution
		{7DAF3A79-C5BD-4110-A4D1-3BE56678B478}.Debug|Any CPU.ActiveCfg = Debug|Any CPU
		{7DAF3A79-C5BD-4110-A4D1-3BE56678B478}.Debug|Any CPU.Build.0 = Debug|Any CPU
		{7DAF3A79-C5BD-4110-A4D1-3BE56678B478}.Release|Any CPU.ActiveCfg = Release|Any CPU
		{7DAF3A79-C5BD-4110-A4D1-3BE56678B478}.Release|Any CPU.Build.0 = Release|Any CPU
		{282EFF10-BD12-428D-AEA9-F8142ECF2DA3}.Debug|Any CPU.ActiveCfg = Debug|Any CPU
		{282EFF10-BD12-428D-AEA9-F8142ECF2DA3}.Debug|Any CPU.Build.0 = Debug|Any CPU
		{282EFF10-BD12-428D-AEA9-F8142ECF2DA3}.Release|Any CPU.ActiveCfg = Release|Any CPU
		{282EFF10-BD12-428D-AEA9-F8142ECF2DA3}.Release|Any CPU.Build.0 = Release|Any CPU
		{98669438-5321-4D6A-8D44-188488883DF8}.Debug|Any CPU.ActiveCfg = Debug|Any CPU
		{98669438-5321-4D6A-8D44-188488883DF8}.Debug|Any CPU.Build.0 = Debug|Any CPU
		{98669438-5321-4D6A-8D44-188488883DF8}.Release|Any CPU.ActiveCfg = Release|Any CPU
		{98669438-5321-4D6A-8D44-188488883DF8}.Release|Any CPU.Build.0 = Release|Any CPU
		{03D8AEB4-D572-4772-84C8-E3FE88D7AC75}.Debug|Any CPU.ActiveCfg = Debug|Any CPU
		{03D8AEB4-D572-4772-84C8-E3FE88D7AC75}.Debug|Any CPU.Build.0 = Debug|Any CPU
		{03D8AEB4-D572-4772-84C8-E3FE88D7AC75}.Release|Any CPU.ActiveCfg = Release|Any CPU
		{03D8AEB4-D572-4772-84C8-E3FE88D7AC75}.Release|Any CPU.Build.0 = Release|Any CPU
		{B2EEC4D6-B951-4FCD-B299-32798A39F0B5}.Debug|Any CPU.ActiveCfg = Debug|Any CPU
		{B2EEC4D6-B951-4FCD-B299-32798A39F0B5}.Debug|Any CPU.Build.0 = Debug|Any CPU
		{B2EEC4D6-B951-4FCD-B299-32798A39F0B5}.Release|Any CPU.ActiveCfg = Release|Any CPU
		{B2EEC4D6-B951-4FCD-B299-32798A39F0B5}.Release|Any CPU.Build.0 = Release|Any CPU
		{AE0667EF-41BB-44E2-9409-516ED7E552E7}.Debug|Any CPU.ActiveCfg = Debug|Any CPU
		{AE0667EF-41BB-44E2-9409-516ED7E552E7}.Debug|Any CPU.Build.0 = Debug|Any CPU
		{AE0667EF-41BB-44E2-9409-516ED7E552E7}.Release|Any CPU.ActiveCfg = Release|Any CPU
		{AE0667EF-41BB-44E2-9409-516ED7E552E7}.Release|Any CPU.Build.0 = Release|Any CPU
		{8F74CCD5-EBF1-440F-A83F-F1119CE2D594}.Debug|Any CPU.ActiveCfg = Debug|Any CPU
		{8F74CCD5-EBF1-440F-A83F-F1119CE2D594}.Debug|Any CPU.Build.0 = Debug|Any CPU
		{8F74CCD5-EBF1-440F-A83F-F1119CE2D594}.Release|Any CPU.ActiveCfg = Release|Any CPU
		{8F74CCD5-EBF1-440F-A83F-F1119CE2D594}.Release|Any CPU.Build.0 = Release|Any CPU
		{27368052-857E-46B8-B648-5764BD540C8D}.Debug|Any CPU.ActiveCfg = Debug|Any CPU
		{27368052-857E-46B8-B648-5764BD540C8D}.Debug|Any CPU.Build.0 = Debug|Any CPU
		{27368052-857E-46B8-B648-5764BD540C8D}.Release|Any CPU.ActiveCfg = Release|Any CPU
		{27368052-857E-46B8-B648-5764BD540C8D}.Release|Any CPU.Build.0 = Release|Any CPU
		{07C648B7-413A-42BE-B60B-4282385B9246}.Debug|Any CPU.ActiveCfg = Debug|Any CPU
		{07C648B7-413A-42BE-B60B-4282385B9246}.Debug|Any CPU.Build.0 = Debug|Any CPU
		{07C648B7-413A-42BE-B60B-4282385B9246}.Release|Any CPU.ActiveCfg = Release|Any CPU
		{07C648B7-413A-42BE-B60B-4282385B9246}.Release|Any CPU.Build.0 = Release|Any CPU
		{D0C7BB36-DBBC-4CE3-9E8D-176093C6523E}.Debug|Any CPU.ActiveCfg = Debug|Any CPU
		{D0C7BB36-DBBC-4CE3-9E8D-176093C6523E}.Debug|Any CPU.Build.0 = Debug|Any CPU
		{D0C7BB36-DBBC-4CE3-9E8D-176093C6523E}.Release|Any CPU.ActiveCfg = Release|Any CPU
		{D0C7BB36-DBBC-4CE3-9E8D-176093C6523E}.Release|Any CPU.Build.0 = Release|Any CPU
		{52F33EF4-3B71-446C-97C5-B6BB248DA9E9}.Debug|Any CPU.ActiveCfg = Debug|Any CPU
		{52F33EF4-3B71-446C-97C5-B6BB248DA9E9}.Debug|Any CPU.Build.0 = Debug|Any CPU
		{52F33EF4-3B71-446C-97C5-B6BB248DA9E9}.Release|Any CPU.ActiveCfg = Release|Any CPU
		{52F33EF4-3B71-446C-97C5-B6BB248DA9E9}.Release|Any CPU.Build.0 = Release|Any CPU
		{86817458-C14D-4416-9538-446B8D204878}.Debug|Any CPU.ActiveCfg = Debug|Any CPU
		{86817458-C14D-4416-9538-446B8D204878}.Debug|Any CPU.Build.0 = Debug|Any CPU
		{86817458-C14D-4416-9538-446B8D204878}.Release|Any CPU.ActiveCfg = Release|Any CPU
		{86817458-C14D-4416-9538-446B8D204878}.Release|Any CPU.Build.0 = Release|Any CPU
		{2654B09C-E924-4FA2-B7C7-25EA2096670D}.Debug|Any CPU.ActiveCfg = Debug|Any CPU
		{2654B09C-E924-4FA2-B7C7-25EA2096670D}.Debug|Any CPU.Build.0 = Debug|Any CPU
		{2654B09C-E924-4FA2-B7C7-25EA2096670D}.Release|Any CPU.ActiveCfg = Release|Any CPU
		{2654B09C-E924-4FA2-B7C7-25EA2096670D}.Release|Any CPU.Build.0 = Release|Any CPU
	EndGlobalSection
	GlobalSection(SolutionProperties) = preSolution
		HideSolutionNode = FALSE
	EndGlobalSection
	GlobalSection(NestedProjects) = preSolution
		{7DAF3A79-C5BD-4110-A4D1-3BE56678B478} = {89B55B9A-A3B9-43A5-AF47-B4ECE5ECDD8C}
		{282EFF10-BD12-428D-AEA9-F8142ECF2DA3} = {89B55B9A-A3B9-43A5-AF47-B4ECE5ECDD8C}
		{98669438-5321-4D6A-8D44-188488883DF8} = {89B55B9A-A3B9-43A5-AF47-B4ECE5ECDD8C}
		{03D8AEB4-D572-4772-84C8-E3FE88D7AC75} = {89B55B9A-A3B9-43A5-AF47-B4ECE5ECDD8C}
		{B2EEC4D6-B951-4FCD-B299-32798A39F0B5} = {89B55B9A-A3B9-43A5-AF47-B4ECE5ECDD8C}
		{AE0667EF-41BB-44E2-9409-516ED7E552E7} = {89B55B9A-A3B9-43A5-AF47-B4ECE5ECDD8C}
		{8F74CCD5-EBF1-440F-A83F-F1119CE2D594} = {89B55B9A-A3B9-43A5-AF47-B4ECE5ECDD8C}
		{27368052-857E-46B8-B648-5764BD540C8D} = {89B55B9A-A3B9-43A5-AF47-B4ECE5ECDD8C}
		{07C648B7-413A-42BE-B60B-4282385B9246} = {89B55B9A-A3B9-43A5-AF47-B4ECE5ECDD8C}
		{D0C7BB36-DBBC-4CE3-9E8D-176093C6523E} = {BF1F56E6-9AC8-40AD-81C8-1E35FF9ED762}
		{52F33EF4-3B71-446C-97C5-B6BB248DA9E9} = {12DB036D-9DFA-43C8-98D4-384EC0BABC55}
		{86817458-C14D-4416-9538-446B8D204878} = {89B55B9A-A3B9-43A5-AF47-B4ECE5ECDD8C}
		{2654B09C-E924-4FA2-B7C7-25EA2096670D} = {89B55B9A-A3B9-43A5-AF47-B4ECE5ECDD8C}
	EndGlobalSection
	GlobalSection(ExtensibilityGlobals) = postSolution
		SolutionGuid = {94CD76D2-827A-4FB7-A419-FC1ACF70276D}
	EndGlobalSection
EndGlobal
